
Microsoft Visual Studio Solution File, Format Version 12.00
# Visual Studio Version 17
VisualStudioVersion = 17.5.002.0
MinimumVisualStudioVersion = 10.0.40219.1
Project("{9A19103F-16F7-4668-BE54-9A1E7A4F7556}") = "learningLambda", "learningLambda.csproj", "{0740869B-5679-410F-A82A-EFB99388302B}"
EndProject
Global
	GlobalSection(SolutionConfigurationPlatforms) = preSolution
		Debug|Any CPU = Debug|Any CPU
		Release|Any CPU = Release|Any CPU
	EndGlobalSection
	GlobalSection(ProjectConfigurationPlatforms) = postSolution
		{0740869B-5679-410F-A82A-EFB99388302B}.Debug|Any CPU.ActiveCfg = Debug|Any CPU
		{0740869B-5679-410F-A82A-EFB99388302B}.Debug|Any CPU.Build.0 = Debug|Any CPU
		{0740869B-5679-410F-A82A-EFB99388302B}.Release|Any CPU.ActiveCfg = Release|Any CPU
		{0740869B-5679-410F-A82A-EFB99388302B}.Release|Any CPU.Build.0 = Release|Any CPU
	EndGlobalSection
	GlobalSection(SolutionProperties) = preSolution
		HideSolutionNode = FALSE
	EndGlobalSection
	GlobalSection(ExtensibilityGlobals) = postSolution
		SolutionGuid = {5CEDCF00-E175-4F69-B5D0-4B6DE722F1CD}
	EndGlobalSection
EndGlobal
